
Microsoft Visual Studio Solution File, Format Version 12.00
# Visual Studio 15
VisualStudioVersion = 15.0.26730.16
MinimumVisualStudioVersion = 10.0.40219.1
Project("{FAE04EC0-301F-11D3-BF4B-00C04F79EFBC}") = "avaliacao1", "avaliacao1\avaliacao1.csproj", "{E0C58E0B-EE5B-4E39-9A4A-A4BD4E530293}"
EndProject
Project("{FAE04EC0-301F-11D3-BF4B-00C04F79EFBC}") = "BibliotecaUtils", "BibliotecaUtils\BibliotecaUtils.csproj", "{BF1197B7-5527-429F-9CFF-C628A4518B01}"
EndProject
Project("{FAE04EC0-301F-11D3-BF4B-00C04F79EFBC}") = "EncriptDecryptMD5", "EncriptDecryptMD5\EncriptDecryptMD5.csproj", "{450B969A-19CF-497D-A4FA-23FEAB947F3D}"
EndProject
Global
	GlobalSection(SolutionConfigurationPlatforms) = preSolution
		Debug|Any CPU = Debug|Any CPU
		Release|Any CPU = Release|Any CPU
	EndGlobalSection
	GlobalSection(ProjectConfigurationPlatforms) = postSolution
		{E0C58E0B-EE5B-4E39-9A4A-A4BD4E530293}.Debug|Any CPU.ActiveCfg = Debug|Any CPU
		{E0C58E0B-EE5B-4E39-9A4A-A4BD4E530293}.Debug|Any CPU.Build.0 = Debug|Any CPU
		{E0C58E0B-EE5B-4E39-9A4A-A4BD4E530293}.Release|Any CPU.ActiveCfg = Release|Any CPU
		{E0C58E0B-EE5B-4E39-9A4A-A4BD4E530293}.Release|Any CPU.Build.0 = Release|Any CPU
		{BF1197B7-5527-429F-9CFF-C628A4518B01}.Debug|Any CPU.ActiveCfg = Debug|Any CPU
		{BF1197B7-5527-429F-9CFF-C628A4518B01}.Debug|Any CPU.Build.0 = Debug|Any CPU
		{BF1197B7-5527-429F-9CFF-C628A4518B01}.Release|Any CPU.ActiveCfg = Release|Any CPU
		{BF1197B7-5527-429F-9CFF-C628A4518B01}.Release|Any CPU.Build.0 = Release|Any CPU
		{450B969A-19CF-497D-A4FA-23FEAB947F3D}.Debug|Any CPU.ActiveCfg = Debug|Any CPU
		{450B969A-19CF-497D-A4FA-23FEAB947F3D}.Debug|Any CPU.Build.0 = Debug|Any CPU
		{450B969A-19CF-497D-A4FA-23FEAB947F3D}.Release|Any CPU.ActiveCfg = Release|Any CPU
		{450B969A-19CF-497D-A4FA-23FEAB947F3D}.Release|Any CPU.Build.0 = Release|Any CPU
	EndGlobalSection
	GlobalSection(SolutionProperties) = preSolution
		HideSolutionNode = FALSE
	EndGlobalSection
	GlobalSection(ExtensibilityGlobals) = postSolution
		SolutionGuid = {5BCAB61B-2677-4FF3-BD52-98CBB6DA6EB3}
	EndGlobalSection
EndGlobal
